
Microsoft Visual Studio Solution File, Format Version 12.00
# Visual Studio Version 17
VisualStudioVersion = 17.4.33110.190
MinimumVisualStudioVersion = 10.0.40219.1
Project("{9A19103F-16F7-4668-BE54-9A1E7A4F7556}") = "OTDIPC", "OTDIPC\OTDIPC.csproj", "{BE11CE08-7B1E-4D27-A13B-29C00DB1D87F}"
EndProject
Project("{8BC9CEB8-8B4A-11D0-8D11-00A0C91BC942}") = "OTDIPC-TestClient", "OTDIPC-TestClient\OTDIPC-TestClient.vcxproj", "{714BAC15-07E7-4C58-BB92-3825C7713DF2}"
EndProject
Global
	GlobalSection(SolutionConfigurationPlatforms) = preSolution
		Debug|Any CPU = Debug|Any CPU
		Debug|x64 = Debug|x64
		Debug|x86 = Debug|x86
		Release|Any CPU = Release|Any CPU
		Release|x64 = Release|x64
		Release|x86 = Release|x86
	EndGlobalSection
	GlobalSection(ProjectConfigurationPlatforms) = postSolution
		{BE11CE08-7B1E-4D27-A13B-29C00DB1D87F}.Debug|Any CPU.ActiveCfg = Debug|Any CPU
		{BE11CE08-7B1E-4D27-A13B-29C00DB1D87F}.Debug|Any CPU.Build.0 = Debug|Any CPU
		{BE11CE08-7B1E-4D27-A13B-29C00DB1D87F}.Debug|x64.ActiveCfg = Debug|Any CPU
		{BE11CE08-7B1E-4D27-A13B-29C00DB1D87F}.Debug|x64.Build.0 = Debug|Any CPU
		{BE11CE08-7B1E-4D27-A13B-29C00DB1D87F}.Debug|x86.ActiveCfg = Debug|Any CPU
		{BE11CE08-7B1E-4D27-A13B-29C00DB1D87F}.Debug|x86.Build.0 = Debug|Any CPU
		{BE11CE08-7B1E-4D27-A13B-29C00DB1D87F}.Release|Any CPU.ActiveCfg = Release|Any CPU
		{BE11CE08-7B1E-4D27-A13B-29C00DB1D87F}.Release|Any CPU.Build.0 = Release|Any CPU
		{BE11CE08-7B1E-4D27-A13B-29C00DB1D87F}.Release|x64.ActiveCfg = Release|Any CPU
		{BE11CE08-7B1E-4D27-A13B-29C00DB1D87F}.Release|x64.Build.0 = Release|Any CPU
		{BE11CE08-7B1E-4D27-A13B-29C00DB1D87F}.Release|x86.ActiveCfg = Release|Any CPU
		{BE11CE08-7B1E-4D27-A13B-29C00DB1D87F}.Release|x86.Build.0 = Release|Any CPU
		{714BAC15-07E7-4C58-BB92-3825C7713DF2}.Debug|Any CPU.ActiveCfg = Debug|x64
		{714BAC15-07E7-4C58-BB92-3825C7713DF2}.Debug|Any CPU.Build.0 = Debug|x64
		{714BAC15-07E7-4C58-BB92-3825C7713DF2}.Debug|x64.ActiveCfg = Debug|x64
		{714BAC15-07E7-4C58-BB92-3825C7713DF2}.Debug|x64.Build.0 = Debug|x64
		{714BAC15-07E7-4C58-BB92-3825C7713DF2}.Debug|x86.ActiveCfg = Debug|Win32
		{714BAC15-07E7-4C58-BB92-3825C7713DF2}.Debug|x86.Build.0 = Debug|Win32
		{714BAC15-07E7-4C58-BB92-3825C7713DF2}.Release|Any CPU.ActiveCfg = Release|x64
		{714BAC15-07E7-4C58-BB92-3825C7713DF2}.Release|Any CPU.Build.0 = Release|x64
		{714BAC15-07E7-4C58-BB92-3825C7713DF2}.Release|x64.ActiveCfg = Release|x64
		{714BAC15-07E7-4C58-BB92-3825C7713DF2}.Release|x64.Build.0 = Release|x64
		{714BAC15-07E7-4C58-BB92-3825C7713DF2}.Release|x86.ActiveCfg = Release|Win32
		{714BAC15-07E7-4C58-BB92-3825C7713DF2}.Release|x86.Build.0 = Release|Win32
	EndGlobalSection
	GlobalSection(SolutionProperties) = preSolution
		HideSolutionNode = FALSE
	EndGlobalSection
	GlobalSection(ExtensibilityGlobals) = postSolution
		SolutionGuid = {4EBDE32F-7E3C-4FC5-AE05-A24FFEE22416}
	EndGlobalSection
EndGlobal
